
Microsoft Visual Studio Solution File, Format Version 11.00
# Visual Studio 2010
Project("{FAE04EC0-301F-11D3-BF4B-00C04F79EFBC}") = "SteamVR", "SteamVR.csproj", "{580099d8-d37b-5c1f-233f-99799af598e9}"
EndProject
Project("{FAE04EC0-301F-11D3-BF4B-00C04F79EFBC}") = "Assembly-CSharp", "Assembly-CSharp.csproj", "{7dcd4075-9f0e-80d5-92ce-50b346f7872d}"
EndProject
Project("{FAE04EC0-301F-11D3-BF4B-00C04F79EFBC}") = "SteamVR_Editor", "SteamVR_Editor.csproj", "{2c6e7d85-08ed-e28f-bb9b-9fadc21e2dad}"
EndProject
Project("{FAE04EC0-301F-11D3-BF4B-00C04F79EFBC}") = "SteamVR_Input_Editor", "SteamVR_Input_Editor.csproj", "{3c153e25-050f-8a4f-2fff-531e29179ebb}"
EndProject
Project("{FAE04EC0-301F-11D3-BF4B-00C04F79EFBC}") = "SteamVR_Windows_EditorHelper", "SteamVR_Windows_EditorHelper.csproj", "{e021c4c8-0978-3b66-cb80-ba3a83bade98}"
EndProject
Project("{FAE04EC0-301F-11D3-BF4B-00C04F79EFBC}") = "Assembly-CSharp-Editor", "Assembly-CSharp-Editor.csproj", "{65ee5728-bc96-b682-6606-c68733836d17}"
EndProject
Global
	GlobalSection(SolutionConfigurationPlatforms) = preSolution
		Debug|Any CPU = Debug|Any CPU
	EndGlobalSection
	GlobalSection(ProjectConfigurationPlatforms) = postSolution
		{580099d8-d37b-5c1f-233f-99799af598e9}.Debug|Any CPU.ActiveCfg = Debug|Any CPU
		{580099d8-d37b-5c1f-233f-99799af598e9}.Debug|Any CPU.Build.0 = Debug|Any CPU
		{7dcd4075-9f0e-80d5-92ce-50b346f7872d}.Debug|Any CPU.ActiveCfg = Debug|Any CPU
		{7dcd4075-9f0e-80d5-92ce-50b346f7872d}.Debug|Any CPU.Build.0 = Debug|Any CPU
		{2c6e7d85-08ed-e28f-bb9b-9fadc21e2dad}.Debug|Any CPU.ActiveCfg = Debug|Any CPU
		{2c6e7d85-08ed-e28f-bb9b-9fadc21e2dad}.Debug|Any CPU.Build.0 = Debug|Any CPU
		{3c153e25-050f-8a4f-2fff-531e29179ebb}.Debug|Any CPU.ActiveCfg = Debug|Any CPU
		{3c153e25-050f-8a4f-2fff-531e29179ebb}.Debug|Any CPU.Build.0 = Debug|Any CPU
		{e021c4c8-0978-3b66-cb80-ba3a83bade98}.Debug|Any CPU.ActiveCfg = Debug|Any CPU
		{e021c4c8-0978-3b66-cb80-ba3a83bade98}.Debug|Any CPU.Build.0 = Debug|Any CPU
		{65ee5728-bc96-b682-6606-c68733836d17}.Debug|Any CPU.ActiveCfg = Debug|Any CPU
		{65ee5728-bc96-b682-6606-c68733836d17}.Debug|Any CPU.Build.0 = Debug|Any CPU
	EndGlobalSection
	GlobalSection(SolutionProperties) = preSolution
		HideSolutionNode = FALSE
	EndGlobalSection
EndGlobal
